
Microsoft Visual Studio Solution File, Format Version 12.00
# Visual Studio Version 16
VisualStudioVersion = 16.0.32228.343
MinimumVisualStudioVersion = 10.0.40219.1
Project("{FAE04EC0-301F-11D3-BF4B-00C04F79EFBC}") = "WindowsRegistry_06", "WindowsRegistry_06\WindowsRegistry_06.csproj", "{2A8CCF91-821C-4881-ACB7-0E0F0E41E3B8}"
EndProject
Global
	GlobalSection(SolutionConfigurationPlatforms) = preSolution
		Debug|Any CPU = Debug|Any CPU
		Release|Any CPU = Release|Any CPU
	EndGlobalSection
	GlobalSection(ProjectConfigurationPlatforms) = postSolution
		{2A8CCF91-821C-4881-ACB7-0E0F0E41E3B8}.Debug|Any CPU.ActiveCfg = Debug|Any CPU
		{2A8CCF91-821C-4881-ACB7-0E0F0E41E3B8}.Debug|Any CPU.Build.0 = Debug|Any CPU
		{2A8CCF91-821C-4881-ACB7-0E0F0E41E3B8}.Release|Any CPU.ActiveCfg = Release|Any CPU
		{2A8CCF91-821C-4881-ACB7-0E0F0E41E3B8}.Release|Any CPU.Build.0 = Release|Any CPU
	EndGlobalSection
	GlobalSection(SolutionProperties) = preSolution
		HideSolutionNode = FALSE
	EndGlobalSection
	GlobalSection(ExtensibilityGlobals) = postSolution
		SolutionGuid = {4E158FD3-376D-4EDD-93B0-B0CD04085C02}
	EndGlobalSection
EndGlobal
